
Microsoft Visual Studio Solution File, Format Version 12.00
# Visual Studio 15
VisualStudioVersion = 15.0.27019.1
MinimumVisualStudioVersion = 10.0.40219.1
Project("{FAE04EC0-301F-11D3-BF4B-00C04F79EFBC}") = "HelloCsharp", "HelloCsharp\HelloCsharp.csproj", "{BE210FAF-5987-4812-84A8-E39A03D3FA31}"
EndProject
Global
	GlobalSection(SolutionConfigurationPlatforms) = preSolution
		Debug|Any CPU = Debug|Any CPU
		Release|Any CPU = Release|Any CPU
	EndGlobalSection
	GlobalSection(ProjectConfigurationPlatforms) = postSolution
		{BE210FAF-5987-4812-84A8-E39A03D3FA31}.Debug|Any CPU.ActiveCfg = Debug|Any CPU
		{BE210FAF-5987-4812-84A8-E39A03D3FA31}.Debug|Any CPU.Build.0 = Debug|Any CPU
		{BE210FAF-5987-4812-84A8-E39A03D3FA31}.Release|Any CPU.ActiveCfg = Release|Any CPU
		{BE210FAF-5987-4812-84A8-E39A03D3FA31}.Release|Any CPU.Build.0 = Release|Any CPU
	EndGlobalSection
	GlobalSection(SolutionProperties) = preSolution
		HideSolutionNode = FALSE
	EndGlobalSection
	GlobalSection(ExtensibilityGlobals) = postSolution
		SolutionGuid = {45EDD463-1984-4B7C-9590-E17DC0033867}
	EndGlobalSection
EndGlobal
